
Microsoft Visual Studio Solution File, Format Version 12.00
# Visual Studio Version 17
VisualStudioVersion = 17.9.34728.123
MinimumVisualStudioVersion = 10.0.40219.1
Project("{FAE04EC0-301F-11D3-BF4B-00C04F79EFBC}") = "lab-number-analyzer", "lab-number-analyzer.csproj", "{C4A32920-BAD1-4288-886A-6B839A95D709}"
EndProject
Global
	GlobalSection(SolutionConfigurationPlatforms) = preSolution
		Debug|Any CPU = Debug|Any CPU
		Release|Any CPU = Release|Any CPU
	EndGlobalSection
	GlobalSection(ProjectConfigurationPlatforms) = postSolution
		{C4A32920-BAD1-4288-886A-6B839A95D709}.Debug|Any CPU.ActiveCfg = Debug|Any CPU
		{C4A32920-BAD1-4288-886A-6B839A95D709}.Debug|Any CPU.Build.0 = Debug|Any CPU
		{C4A32920-BAD1-4288-886A-6B839A95D709}.Release|Any CPU.ActiveCfg = Release|Any CPU
		{C4A32920-BAD1-4288-886A-6B839A95D709}.Release|Any CPU.Build.0 = Release|Any CPU
	EndGlobalSection
	GlobalSection(SolutionProperties) = preSolution
		HideSolutionNode = FALSE
	EndGlobalSection
	GlobalSection(ExtensibilityGlobals) = postSolution
		SolutionGuid = {BF85BA18-F064-4B6A-9D6B-200D4DD503BE}
	EndGlobalSection
EndGlobal
